
Microsoft Visual Studio Solution File, Format Version 12.00
# Visual Studio Version 16
VisualStudioVersion = 16.0.31321.278
MinimumVisualStudioVersion = 10.0.40219.1
Project("{FAE04EC0-301F-11D3-BF4B-00C04F79EFBC}") = "Endo", "Endo\Endo.csproj", "{A37D01B7-95F5-4E56-8079-E3F69EB94065}"
EndProject
Global
	GlobalSection(SolutionConfigurationPlatforms) = preSolution
		Debug|Any CPU = Debug|Any CPU
		Release|Any CPU = Release|Any CPU
	EndGlobalSection
	GlobalSection(ProjectConfigurationPlatforms) = postSolution
		{A37D01B7-95F5-4E56-8079-E3F69EB94065}.Debug|Any CPU.ActiveCfg = Debug|Any CPU
		{A37D01B7-95F5-4E56-8079-E3F69EB94065}.Debug|Any CPU.Build.0 = Debug|Any CPU
		{A37D01B7-95F5-4E56-8079-E3F69EB94065}.Release|Any CPU.ActiveCfg = Release|Any CPU
		{A37D01B7-95F5-4E56-8079-E3F69EB94065}.Release|Any CPU.Build.0 = Release|Any CPU
	EndGlobalSection
	GlobalSection(SolutionProperties) = preSolution
		HideSolutionNode = FALSE
	EndGlobalSection
	GlobalSection(ExtensibilityGlobals) = postSolution
		SolutionGuid = {72AC9DD1-6D1A-4925-AAC4-3EC1A2E298CC}
	EndGlobalSection
EndGlobal
